version = 1
revision = 3
requires-python = "==3.11.*"
resolution-markers = [
    "sys_platform == 'linux'",
]
supported-markers = [
    "sys_platform == 'linux'",
]

[[package]]
name = "aalyria-api"
version = "0.0.0"
source = { virtual = "." }
dependencies = [
    { name = "cryptography", marker = "sys_platform == 'linux'" },
    { name = "grpcio", marker = "sys_platform == 'linux'" },
    { name = "pyjwt", marker = "sys_platform == 'linux'" },
]

[package.metadata]
requires-dist = [
    { name = "cryptography" },
    { name = "grpcio" },
    { name = "pyjwt" },
]

[[package]]
name = "cffi"
version = "2.0.0"
source = { registry = "https://pypi.org/simple" }
dependencies = [
    { name = "pycparser", marker = "implementation_name != 'PyPy' and sys_platform == 'linux'" },
]
sdist = { url = "https://files.pythonhosted.org/packages/eb/56/b1ba7935a17738ae8453301356628e8147c79dbb825bcbc73dc7401f9846/cffi-2.0.0.tar.gz", hash = "sha256:44d1b5909021139fe36001ae048dbdde8214afa20200eda0f64c068cac5d5529", size = 523588, upload-time = "2025-09-08T23:24:04.541Z" }
wheels = [
    { url = "https://files.pythonhosted.org/packages/b1/b7/1200d354378ef52ec227395d95c2576330fd22a869f7a70e88e1447eb234/cffi-2.0.0-cp311-cp311-manylinux1_i686.manylinux2014_i686.manylinux_2_17_i686.manylinux_2_5_i686.whl", hash = "sha256:baf5215e0ab74c16e2dd324e8ec067ef59e41125d3eade2b863d294fd5035c92", size = 209613, upload-time = "2025-09-08T23:22:29.475Z" },
    { url = "https://files.pythonhosted.org/packages/b8/56/6033f5e86e8cc9bb629f0077ba71679508bdf54a9a5e112a3c0b91870332/cffi-2.0.0-cp311-cp311-manylinux2014_aarch64.manylinux_2_17_aarch64.whl", hash = "sha256:730cacb21e1bdff3ce90babf007d0a0917cc3e6492f336c2f0134101e0944f93", size = 216476, upload-time = "2025-09-08T23:22:31.063Z" },
    { url = "https://files.pythonhosted.org/packages/dc/7f/55fecd70f7ece178db2f26128ec41430d8720f2d12ca97bf8f0a628207d5/cffi-2.0.0-cp311-cp311-manylinux2014_ppc64le.manylinux_2_17_ppc64le.whl", hash = "sha256:6824f87845e3396029f3820c206e459ccc91760e8fa24422f8b0c3d1731cbec5", size = 203374, upload-time = "2025-09-08T23:22:32.507Z" },
    { url = "https://files.pythonhosted.org/packages/84/ef/a7b77c8bdc0f77adc3b46888f1ad54be8f3b7821697a7b89126e829e676a/cffi-2.0.0-cp311-cp311-manylinux2014_s390x.manylinux_2_17_s390x.whl", hash = "sha256:9de40a7b0323d889cf8d23d1ef214f565ab154443c42737dfe52ff82cf857664", size = 202597, upload-time = "2025-09-08T23:22:34.132Z" },
    { url = "https://files.pythonhosted.org/packages/d7/91/500d892b2bf36529a75b77958edfcd5ad8e2ce4064ce2ecfeab2125d72d1/cffi-2.0.0-cp311-cp311-manylinux2014_x86_64.manylinux_2_17_x86_64.whl", hash = "sha256:8941aaadaf67246224cee8c3803777eed332a19d909b47e29c9842ef1e79ac26", size = 215574, upload-time = "2025-09-08T23:22:35.443Z" },
    { url = "https://files.pythonhosted.org/packages/44/64/58f6255b62b101093d5df22dcb752596066c7e89dd725e0afaed242a61be/cffi-2.0.0-cp311-cp311-musllinux_1_2_aarch64.whl", hash = "sha256:a05d0c237b3349096d3981b727493e22147f934b20f6f125a3eba8f994bec4a9", size = 218971, upload-time = "2025-09-08T23:22:36.805Z" },
    { url = "https://files.pythonhosted.org/packages/ab/49/fa72cebe2fd8a55fbe14956f9970fe8eb1ac59e5df042f603ef7c8ba0adc/cffi-2.0.0-cp311-cp311-musllinux_1_2_i686.whl", hash = "sha256:94698a9c5f91f9d138526b48fe26a199609544591f859c870d477351dc7b2414", size = 211972, upload-time = "2025-09-08T23:22:38.436Z" },
    { url = "https://files.pythonhosted.org/packages/0b/28/dd0967a76aab36731b6ebfe64dec4e981aff7e0608f60c2d46b46982607d/cffi-2.0.0-cp311-cp311-musllinux_1_2_x86_64.whl", hash = "sha256:5fed36fccc0612a53f1d4d9a816b50a36702c28a2aa880cb8a122b3466638743", size = 217078, upload-time = "2025-09-08T23:22:39.776Z" },
]

[[package]]
name = "cryptography"
version = "46.0.5"
source = { registry = "https://pypi.org/simple" }
dependencies = [
    { name = "cffi", marker = "platform_python_implementation != 'PyPy' and sys_platform == 'linux'" },
]
sdist = { url = "https://files.pythonhosted.org/packages/60/04/ee2a9e8542e4fa2773b81771ff8349ff19cdd56b7258a0cc442639052edb/cryptography-46.0.5.tar.gz", hash = "sha256:abace499247268e3757271b2f1e244b36b06f8515cf27c4d49468fc9eb16e93d", size = 750064, upload-time = "2026-02-10T19:18:38.255Z" }
wheels = [
    { url = "https://files.pythonhosted.org/packages/ff/9e/6b4397a3e3d15123de3b1806ef342522393d50736c13b20ec4c9ea6693a6/cryptography-46.0.5-cp311-abi3-manylinux2014_aarch64.manylinux_2_17_aarch64.whl", hash = "sha256:c18ff11e86df2e28854939acde2d003f7984f721eba450b56a200ad90eeb0e6b", size = 4275637, upload-time = "2026-02-10T19:17:10.53Z" },
    { url = "https://files.pythonhosted.org/packages/63/e7/471ab61099a3920b0c77852ea3f0ea611c9702f651600397ac567848b897/cryptography-46.0.5-cp311-abi3-manylinux2014_x86_64.manylinux_2_17_x86_64.whl", hash = "sha256:4d7e3d356b8cd4ea5aff04f129d5f66ebdc7b6f8eae802b93739ed520c47c79b", size = 4424742, upload-time = "2026-02-10T19:17:12.388Z" },
    { url = "https://files.pythonhosted.org/packages/37/53/a18500f270342d66bf7e4d9f091114e31e5ee9e7375a5aba2e85a91e0044/cryptography-46.0.5-cp311-abi3-manylinux_2_28_aarch64.whl", hash = "sha256:50bfb6925eff619c9c023b967d5b77a54e04256c4281b0e21336a130cd7fc263", size = 4277528, upload-time = "2026-02-10T19:17:13.853Z" },
    { url = "https://files.pythonhosted.org/packages/22/29/c2e812ebc38c57b40e7c583895e73c8c5adb4d1e4a0cc4c5a4fdab2b1acc/cryptography-46.0.5-cp311-abi3-manylinux_2_28_ppc64le.whl", hash = "sha256:803812e111e75d1aa73690d2facc295eaefd4439be1023fefc4995eaea2af90d", size = 4947993, upload-time = "2026-02-10T19:17:15.618Z" },
    { url = "https://files.pythonhosted.org/packages/6b/e7/237155ae19a9023de7e30ec64e5d99a9431a567407ac21170a046d22a5a3/cryptography-46.0.5-cp311-abi3-manylinux_2_28_x86_64.whl", hash = "sha256:3ee190460e2fbe447175cda91b88b84ae8322a104fc27766ad09428754a618ed", size = 4456855, upload-time = "2026-02-10T19:17:17.221Z" },
    { url = "https://files.pythonhosted.org/packages/2d/87/fc628a7ad85b81206738abbd213b07702bcbdada1dd43f72236ef3cffbb5/cryptography-46.0.5-cp311-abi3-manylinux_2_31_armv7l.whl", hash = "sha256:f145bba11b878005c496e93e257c1e88f154d278d2638e6450d17e0f31e558d2", size = 3984635, upload-time = "2026-02-10T19:17:18.792Z" },
    { url = "https://files.pythonhosted.org/packages/84/29/65b55622bde135aedf4565dc509d99b560ee4095e56989e815f8fd2aa910/cryptography-46.0.5-cp311-abi3-manylinux_2_34_aarch64.whl", hash = "sha256:e9251e3be159d1020c4030bd2e5f84d6a43fe54b6c19c12f51cde9542a2817b2", size = 4277038, upload-time = "2026-02-10T19:17:20.256Z" },
    { url = "https://files.pythonhosted.org/packages/bc/36/45e76c68d7311432741faf1fbf7fac8a196a0a735ca21f504c75d37e2558/cryptography-46.0.5-cp311-abi3-manylinux_2_34_ppc64le.whl", hash = "sha256:47fb8a66058b80e509c47118ef8a75d14c455e81ac369050f20ba0d23e77fee0", size = 4912181, upload-time = "2026-02-10T19:17:21.825Z" },
    { url = "https://files.pythonhosted.org/packages/6d/1a/c1ba8fead184d6e3d5afcf03d569acac5ad063f3ac9fb7258af158f7e378/cryptography-46.0.5-cp311-abi3-manylinux_2_34_x86_64.whl", hash = "sha256:4c3341037c136030cb46e4b1e17b7418ea4cbd9dd207e4a6f3b2b24e0d4ac731", size = 4456482, upload-time = "2026-02-10T19:17:25.133Z" },
    { url = "https://files.pythonhosted.org/packages/f9/e5/3fb22e37f66827ced3b902cf895e6a6bc1d095b5b26be26bd13c441fdf19/cryptography-46.0.5-cp311-abi3-musllinux_1_2_aarch64.whl", hash = "sha256:890bcb4abd5a2d3f852196437129eb3667d62630333aacc13dfd470fad3aaa82", size = 4405497, upload-time = "2026-02-10T19:17:26.66Z" },
    { url = "https://files.pythonhosted.org/packages/1a/df/9d58bb32b1121a8a2f27383fabae4d63080c7ca60b9b5c88be742be04ee7/cryptography-46.0.5-cp311-abi3-musllinux_1_2_x86_64.whl", hash = "sha256:80a8d7bfdf38f87ca30a5391c0c9ce4ed2926918e017c29ddf643d0ed2778ea1", size = 4667819, upload-time = "2026-02-10T19:17:28.569Z" },
    { url = "https://files.pythonhosted.org/packages/0f/04/c85bdeab78c8bc77b701bf0d9bdcf514c044e18a46dcff330df5448631b0/cryptography-46.0.5-cp38-abi3-manylinux2014_aarch64.manylinux_2_17_aarch64.whl", hash = "sha256:7d1f30a86d2757199cb2d56e48cce14deddf1f9c95f1ef1b64ee91ea43fe2e18", size = 4275349, upload-time = "2026-02-10T19:17:58.419Z" },
    { url = "https://files.pythonhosted.org/packages/5c/32/9b87132a2f91ee7f5223b091dc963055503e9b442c98fc0b8a5ca765fab0/cryptography-46.0.5-cp38-abi3-manylinux2014_x86_64.manylinux_2_17_x86_64.whl", hash = "sha256:039917b0dc418bb9f6edce8a906572d69e74bd330b0b3fea4f79dab7f8ddd235", size = 4420667, upload-time = "2026-02-10T19:18:00.619Z" },
    { url = "https://files.pythonhosted.org/packages/a1/a6/a7cb7010bec4b7c5692ca6f024150371b295ee1c108bdc1c400e4c44562b/cryptography-46.0.5-cp38-abi3-manylinux_2_28_aarch64.whl", hash = "sha256:ba2a27ff02f48193fc4daeadf8ad2590516fa3d0adeeb34336b96f7fa64c1e3a", size = 4276980, upload-time = "2026-02-10T19:18:02.379Z" },
    { url = "https://files.pythonhosted.org/packages/8e/7c/c4f45e0eeff9b91e3f12dbd0e165fcf2a38847288fcfd889deea99fb7b6d/cryptography-46.0.5-cp38-abi3-manylinux_2_28_ppc64le.whl", hash = "sha256:61aa400dce22cb001a98014f647dc21cda08f7915ceb95df0c9eaf84b4b6af76", size = 4939143, upload-time = "2026-02-10T19:18:03.964Z" },
    { url = "https://files.pythonhosted.org/packages/37/19/e1b8f964a834eddb44fa1b9a9976f4e414cbb7aa62809b6760c8803d22d1/cryptography-46.0.5-cp38-abi3-manylinux_2_28_x86_64.whl", hash = "sha256:3ce58ba46e1bc2aac4f7d9290223cead56743fa6ab94a5d53292ffaac6a91614", size = 4453674, upload-time = "2026-02-10T19:18:05.588Z" },
    { url = "https://files.pythonhosted.org/packages/db/ed/db15d3956f65264ca204625597c410d420e26530c4e2943e05a0d2f24d51/cryptography-46.0.5-cp38-abi3-manylinux_2_31_armv7l.whl", hash = "sha256:420d0e909050490d04359e7fdb5ed7e667ca5c3c402b809ae2563d7e66a92229", size = 3978801, upload-time = "2026-02-10T19:18:07.167Z" },
    { url = "https://files.pythonhosted.org/packages/41/e2/df40a31d82df0a70a0daf69791f91dbb70e47644c58581d654879b382d11/cryptography-46.0.5-cp38-abi3-manylinux_2_34_aarch64.whl", hash = "sha256:582f5fcd2afa31622f317f80426a027f30dc792e9c80ffee87b993200ea115f1", size = 4276755, upload-time = "2026-02-10T19:18:09.813Z" },
    { url = "https://files.pythonhosted.org/packages/33/45/726809d1176959f4a896b86907b98ff4391a8aa29c0aaaf9450a8a10630e/cryptography-46.0.5-cp38-abi3-manylinux_2_34_ppc64le.whl", hash = "sha256:bfd56bb4b37ed4f330b82402f6f435845a5f5648edf1ad497da51a8452d5d62d", size = 4901539, upload-time = "2026-02-10T19:18:11.263Z" },
    { url = "https://files.pythonhosted.org/packages/99/0f/a3076874e9c88ecb2ecc31382f6e7c21b428ede6f55aafa1aa272613e3cd/cryptography-46.0.5-cp38-abi3-manylinux_2_34_x86_64.whl", hash = "sha256:a3d507bb6a513ca96ba84443226af944b0f7f47dcc9a399d110cd6146481d24c", size = 4452794, upload-time = "2026-02-10T19:18:12.914Z" },
    { url = "https://files.pythonhosted.org/packages/02/ef/ffeb542d3683d24194a38f66ca17c0a4b8bf10631feef44a7ef64e631b1a/cryptography-46.0.5-cp38-abi3-musllinux_1_2_aarch64.whl", hash = "sha256:9f16fbdf4da055efb21c22d81b89f155f02ba420558db21288b3d0035bafd5f4", size = 4404160, upload-time = "2026-02-10T19:18:14.375Z" },
    { url = "https://files.pythonhosted.org/packages/96/93/682d2b43c1d5f1406ed048f377c0fc9fc8f7b0447a478d5c65ab3d3a66eb/cryptography-46.0.5-cp38-abi3-musllinux_1_2_x86_64.whl", hash = "sha256:ced80795227d70549a411a4ab66e8ce307899fad2220ce5ab2f296e687eacde9", size = 4667123, upload-time = "2026-02-10T19:18:15.886Z" },
    { url = "https://files.pythonhosted.org/packages/e9/6f/6cc6cc9955caa6eaf83660b0da2b077c7fe8ff9950a3c5e45d605038d439/cryptography-46.0.5-pp311-pypy311_pp73-manylinux_2_28_aarch64.whl", hash = "sha256:bc84e875994c3b445871ea7181d424588171efec3e185dced958dad9e001950a", size = 4218321, upload-time = "2026-02-10T19:18:22.349Z" },
    { url = "https://files.pythonhosted.org/packages/3e/5d/c4da701939eeee699566a6c1367427ab91a8b7088cc2328c09dbee940415/cryptography-46.0.5-pp311-pypy311_pp73-manylinux_2_28_x86_64.whl", hash = "sha256:2ae6971afd6246710480e3f15824ed3029a60fc16991db250034efd0b9fb4356", size = 4381786, upload-time = "2026-02-10T19:18:24.529Z" },
    { url = "https://files.pythonhosted.org/packages/ac/97/a538654732974a94ff96c1db621fa464f455c02d4bb7d2652f4edc21d600/cryptography-46.0.5-pp311-pypy311_pp73-manylinux_2_34_aarch64.whl", hash = "sha256:d861ee9e76ace6cf36a6a89b959ec08e7bc2493ee39d07ffe5acb23ef46d27da", size = 4217990, upload-time = "2026-02-10T19:18:25.957Z" },
    { url = "https://files.pythonhosted.org/packages/ae/11/7e500d2dd3ba891197b9efd2da5454b74336d64a7cc419aa7327ab74e5f6/cryptography-46.0.5-pp311-pypy311_pp73-manylinux_2_34_x86_64.whl", hash = "sha256:2b7a67c9cd56372f3249b39699f2ad479f6991e62ea15800973b956f4b73e257", size = 4381252, upload-time = "2026-02-10T19:18:27.496Z" },
]

[[package]]
name = "grpcio"
version = "1.78.0"
source = { registry = "https://pypi.org/simple" }
dependencies = [
    { name = "typing-extensions", marker = "sys_platform == 'linux'" },
]
sdist = { url = "https://files.pythonhosted.org/packages/06/8a/3d098f35c143a89520e568e6539cc098fcd294495910e359889ce8741c84/grpcio-1.78.0.tar.gz", hash = "sha256:7382b95189546f375c174f53a5fa873cef91c4b8005faa05cc5b3beea9c4f1c5", size = 12852416, upload-time = "2026-02-06T09:57:18.093Z" }
wheels = [
    { url = "https://files.pythonhosted.org/packages/86/c7/d0b780a29b0837bf4ca9580904dfb275c1fc321ded7897d620af7047ec57/grpcio-1.78.0-cp311-cp311-linux_armv7l.whl", hash = "sha256:2777b783f6c13b92bd7b716667452c329eefd646bfb3f2e9dabea2e05dbd34f6", size = 5951525, upload-time = "2026-02-06T09:55:01.989Z" },
    { url = "https://files.pythonhosted.org/packages/83/0c/7c1528f098aeb75a97de2bae18c530f56959fb7ad6c882db45d9884d6edc/grpcio-1.78.0-cp311-cp311-manylinux2014_aarch64.manylinux_2_17_aarch64.whl", hash = "sha256:459ab414b35f4496138d0ecd735fed26f1318af5e52cb1efbc82a09f0d5aa911", size = 6524477, upload-time = "2026-02-06T09:55:07.111Z" },
    { url = "https://files.pythonhosted.org/packages/8d/52/e7c1f3688f949058e19a011c4e0dec973da3d0ae5e033909677f967ae1f4/grpcio-1.78.0-cp311-cp311-manylinux2014_i686.manylinux_2_17_i686.whl", hash = "sha256:082653eecbdf290e6e3e2c276ab2c54b9e7c299e07f4221872380312d8cf395e", size = 7198266, upload-time = "2026-02-06T09:55:10.016Z" },
    { url = "https://files.pythonhosted.org/packages/e5/61/8ac32517c1e856677282c34f2e7812d6c328fa02b8f4067ab80e77fdc9c9/grpcio-1.78.0-cp311-cp311-manylinux2014_x86_64.manylinux_2_17_x86_64.whl", hash = "sha256:85f93781028ec63f383f6bc90db785a016319c561cc11151fbb7b34e0d012303", size = 6730552, upload-time = "2026-02-06T09:55:12.207Z" },
    { url = "https://files.pythonhosted.org/packages/bd/98/b8ee0158199250220734f620b12e4a345955ac7329cfd908d0bf0fda77f0/grpcio-1.78.0-cp311-cp311-musllinux_1_2_aarch64.whl", hash = "sha256:f12857d24d98441af6a1d5c87442d624411db486f7ba12550b07788f74b67b04", size = 7304296, upload-time = "2026-02-06T09:55:15.044Z" },
    { url = "https://files.pythonhosted.org/packages/bd/0f/7b72762e0d8840b58032a56fdbd02b78fc645b9fa993d71abf04edbc54f4/grpcio-1.78.0-cp311-cp311-musllinux_1_2_i686.whl", hash = "sha256:5397fff416b79e4b284959642a4e95ac4b0f1ece82c9993658e0e477d40551ec", size = 8288298, upload-time = "2026-02-06T09:55:17.276Z" },
    { url = "https://files.pythonhosted.org/packages/24/ae/ae4ce56bc5bb5caa3a486d60f5f6083ac3469228faa734362487176c15c5/grpcio-1.78.0-cp311-cp311-musllinux_1_2_x86_64.whl", hash = "sha256:fbe6e89c7ffb48518384068321621b2a69cab509f58e40e4399fdd378fa6d074", size = 7730953, upload-time = "2026-02-06T09:55:19.545Z" },
]

[[package]]
name = "pycparser"
version = "3.0"
source = { registry = "https://pypi.org/simple" }
sdist = { url = "https://files.pythonhosted.org/packages/1b/7d/92392ff7815c21062bea51aa7b87d45576f649f16458d78b7cf94b9ab2e6/pycparser-3.0.tar.gz", hash = "sha256:600f49d217304a5902ac3c37e1281c9fe94e4d0489de643a9504c5cdfdfc6b29", size = 103492, upload-time = "2026-01-21T14:26:51.89Z" }
wheels = [
    { url = "https://files.pythonhosted.org/packages/0c/c3/44f3fbbfa403ea2a7c779186dc20772604442dde72947e7d01069cbe98e3/pycparser-3.0-py3-none-any.whl", hash = "sha256:b727414169a36b7d524c1c3e31839a521725078d7b2ff038656844266160a992", size = 48172, upload-time = "2026-01-21T14:26:50.693Z" },
]

[[package]]
name = "pyjwt"
version = "2.12.0"
source = { registry = "https://pypi.org/simple" }
sdist = { url = "https://files.pythonhosted.org/packages/a8/10/e8192be5f38f3e8e7e046716de4cae33d56fd5ae08927a823bb916be36c1/pyjwt-2.12.0.tar.gz", hash = "sha256:2f62390b667cd8257de560b850bb5a883102a388829274147f1d724453f8fb02", size = 102511, upload-time = "2026-03-12T17:15:30.831Z" }
wheels = [
    { url = "https://files.pythonhosted.org/packages/15/70/70f895f404d363d291dcf62c12c85fdd47619ad9674ac0f53364d035925a/pyjwt-2.12.0-py3-none-any.whl", hash = "sha256:9bb459d1bdd0387967d287f5656bf7ec2b9a26645d1961628cda1764e087fd6e", size = 29700, upload-time = "2026-03-12T17:15:29.257Z" },
]

[[package]]
name = "typing-extensions"
version = "4.15.0"
source = { registry = "https://pypi.org/simple" }
sdist = { url = "https://files.pythonhosted.org/packages/72/94/1a15dd82efb362ac84269196e94cf00f187f7ed21c242792a923cdb1c61f/typing_extensions-4.15.0.tar.gz", hash = "sha256:0cea48d173cc12fa28ecabc3b837ea3cf6f38c6d1136f85cbaaf598984861466", size = 109391, upload-time = "2025-08-25T13:49:26.313Z" }
wheels = [
    { url = "https://files.pythonhosted.org/packages/18/67/36e9267722cc04a6b9f15c7f3441c2363321a3ea07da7ae0c0707beb2a9c/typing_extensions-4.15.0-py3-none-any.whl", hash = "sha256:f0fa19c6845758ab08074a0cfa8b7aecb71c999ca73d62883bc25cc018c4e548", size = 44614, upload-time = "2025-08-25T13:49:24.86Z" },
]
